// !$*UTF8*$!
{
	archiveVersion = 1;
	classes = {
	};
	objectVersion = 50;
	objects = {

/* Begin PBXBuildFile section */
		1351279425B2D26700E4DD0E /* AppDelegate.swift in Sources */ = {isa = PBXBuildFile; fileRef = 1351279325B2D26700E4DD0E /* AppDelegate.swift */; };
		1351279625B2D26700E4DD0E /* SceneDelegate.swift in Sources */ = {isa = PBXBuildFile; fileRef = 1351279525B2D26700E4DD0E /* SceneDelegate.swift */; };
		1351279825B2D26700E4DD0E /* ViewController.swift in Sources */ = {isa = PBXBuildFile; fileRef = 1351279725B2D26700E4DD0E /* ViewController.swift */; };
		1351279B25B2D26700E4DD0E /* Main.storyboard in Resources */ = {isa = PBXBuildFile; fileRef = 1351279925B2D26700E4DD0E /* Main.storyboard */; };
		1351279D25B2D26700E4DD0E /* Assets.xcassets in Resources */ = {isa = PBXBuildFile; fileRef = 1351279C25B2D26700E4DD0E /* Assets.xcassets */; };
		135127A025B2D26700E4DD0E /* LaunchScreen.storyboard in Resources */ = {isa = PBXBuildFile; fileRef = 1351279E25B2D26700E4DD0E /* LaunchScreen.storyboard */; };
		135127AB25B2D26800E4DD0E /* WindyTests.swift in Sources */ = {isa = PBXBuildFile; fileRef = 135127AA25B2D26800E4DD0E /* WindyTests.swift */; };
		135127B625B2D26800E4DD0E /* WindyUITests.swift in Sources */ = {isa = PBXBuildFile; fileRef = 135127B525B2D26800E4DD0E /* WindyUITests.swift */; };
		B40CD0810A22CDC2663335BB /* Pods_Windy_WindyUITests.framework in Frameworks */ = {isa = PBXBuildFile; fileRef = 723E7CE6FCCC513E61179661 /* Pods_Windy_WindyUITests.framework */; };
		E5D9BD84BC2C116376751C43 /* Pods_Windy.framework in Frameworks */ = {isa = PBXBuildFile; fileRef = 5FCC62EFC0831B90BD02FDEE /* Pods_Windy.framework */; };
		EC18777B4B683E135765A31E /* Pods_WindyTests.framework in Frameworks */ = {isa = PBXBuildFile; fileRef = B0C4907A39591BBF49401C4E /* Pods_WindyTests.framework */; };
/* End PBXBuildFile section */

/* Begin PBXContainerItemProxy section */
		135127A725B2D26800E4DD0E /* PBXContainerItemProxy */ = {
			isa = PBXContainerItemProxy;
			containerPortal = 1351278825B2D26700E4DD0E /* Project object */;
			proxyType = 1;
			remoteGlobalIDString = 1351278F25B2D26700E4DD0E;
			remoteInfo = Windy;
		};
		135127B225B2D26800E4DD0E /* PBXContainerItemProxy */ = {
			isa = PBXContainerItemProxy;
			containerPortal = 1351278825B2D26700E4DD0E /* Project object */;
			proxyType = 1;
			remoteGlobalIDString = 1351278F25B2D26700E4DD0E;
			remoteInfo = Windy;
		};
/* End PBXContainerItemProxy section */

/* Begin PBXFileReference section */
		0EA3B6E9EF92340C11234A7E /* Pods-WindyTests.release.xcconfig */ = {isa = PBXFileReference; includeInIndex = 1; lastKnownFileType = text.xcconfig; name = "Pods-WindyTests.release.xcconfig"; path = "Target Support Files/Pods-WindyTests/Pods-WindyTests.release.xcconfig"; sourceTree = "<group>"; };
		1351279025B2D26700E4DD0E /* Windy.app */ = {isa = PBXFileReference; explicitFileType = wrapper.application; includeInIndex = 0; path = Windy.app; sourceTree = BUILT_PRODUCTS_DIR; };
		1351279325B2D26700E4DD0E /* AppDelegate.swift */ = {isa = PBXFileReference; lastKnownFileType = sourcecode.swift; path = AppDelegate.swift; sourceTree = "<group>"; };
		1351279525B2D26700E4DD0E /* SceneDelegate.swift */ = {isa = PBXFileReference; lastKnownFileType = sourcecode.swift; path = SceneDelegate.swift; sourceTree = "<group>"; };
		1351279725B2D26700E4DD0E /* ViewController.swift */ = {isa = PBXFileReference; lastKnownFileType = sourcecode.swift; path = ViewController.swift; sourceTree = "<group>"; };
		1351279A25B2D26700E4DD0E /* Base */ = {isa = PBXFileReference; lastKnownFileType = file.storyboard; name = Base; path = Base.lproj/Main.storyboard; sourceTree = "<group>"; };
		1351279C25B2D26700E4DD0E /* Assets.xcassets */ = {isa = PBXFileReference; lastKnownFileType = folder.assetcatalog; path = Assets.xcassets; sourceTree = "<group>"; };
		1351279F25B2D26700E4DD0E /* Base */ = {isa = PBXFileReference; lastKnownFileType = file.storyboard; name = Base; path = Base.lproj/LaunchScreen.storyboard; sourceTree = "<group>"; };
		135127A125B2D26800E4DD0E /* Info.plist */ = {isa = PBXFileReference; lastKnownFileType = text.plist.xml; path = Info.plist; sourceTree = "<group>"; };
		135127A625B2D26800E4DD0E /* WindyTests.xctest */ = {isa = PBXFileReference; explicitFileType = wrapper.cfbundle; includeInIndex = 0; path = WindyTests.xctest; sourceTree = BUILT_PRODUCTS_DIR; };
		135127AA25B2D26800E4DD0E /* WindyTests.swift */ = {isa = PBXFileReference; lastKnownFileType = sourcecode.swift; path = WindyTests.swift; sourceTree = "<group>"; };
		135127AC25B2D26800E4DD0E /* Info.plist */ = {isa = PBXFileReference; lastKnownFileType = text.plist.xml; path = Info.plist; sourceTree = "<group>"; };
		135127B125B2D26800E4DD0E /* WindyUITests.xctest */ = {isa = PBXFileReference; explicitFileType = wrapper.cfbundle; includeInIndex = 0; path = WindyUITests.xctest; sourceTree = BUILT_PRODUCTS_DIR; };
		135127B525B2D26800E4DD0E /* WindyUITests.swift */ = {isa = PBXFileReference; lastKnownFileType = sourcecode.swift; path = WindyUITests.swift; sourceTree = "<group>"; };
		135127B725B2D26800E4DD0E /* Info.plist */ = {isa = PBXFileReference; lastKnownFileType = text.plist.xml; path = Info.plist; sourceTree = "<group>"; };
		1AE377240AF5639A61A9A086 /* Pods-Windy-WindyUITests.release.xcconfig */ = {isa = PBXFileReference; includeInIndex = 1; lastKnownFileType = text.xcconfig; name = "Pods-Windy-WindyUITests.release.xcconfig"; path = "Target Support Files/Pods-Windy-WindyUITests/Pods-Windy-WindyUITests.release.xcconfig"; sourceTree = "<group>"; };
		1CCB387BBC507977C37AB344 /* Pods-Windy-WindyUITests.debug.xcconfig */ = {isa = PBXFileReference; includeInIndex = 1; lastKnownFileType = text.xcconfig; name = "Pods-Windy-WindyUITests.debug.xcconfig"; path = "Target Support Files/Pods-Windy-WindyUITests/Pods-Windy-WindyUITests.debug.xcconfig"; sourceTree = "<group>"; };
		46A2155E9965E240626BDB7B /* Pods-Windy.release.xcconfig */ = {isa = PBXFileReference; includeInIndex = 1; lastKnownFileType = text.xcconfig; name = "Pods-Windy.release.xcconfig"; path = "Target Support Files/Pods-Windy/Pods-Windy.release.xcconfig"; sourceTree = "<group>"; };
		5FCC62EFC0831B90BD02FDEE /* Pods_Windy.framework */ = {isa = PBXFileReference; explicitFileType = wrapper.framework; includeInIndex = 0; path = Pods_Windy.framework; sourceTree = BUILT_PRODUCTS_DIR; };
		723E7CE6FCCC513E61179661 /* Pods_Windy_WindyUITests.framework */ = {isa = PBXFileReference; explicitFileType = wrapper.framework; includeInIndex = 0; path = Pods_Windy_WindyUITests.framework; sourceTree = BUILT_PRODUCTS_DIR; };
		99D2AD8256283DC0313B868D /* Pods-WindyTests.debug.xcconfig */ = {isa = PBXFileReference; includeInIndex = 1; lastKnownFileType = text.xcconfig; name = "Pods-WindyTests.debug.xcconfig"; path = "Target Support Files/Pods-WindyTests/Pods-WindyTests.debug.xcconfig"; sourceTree = "<group>"; };
		B0C4907A39591BBF49401C4E /* Pods_WindyTests.framework */ = {isa = PBXFileReference; explicitFileType = wrapper.framework; includeInIndex = 0; path = Pods_WindyTests.framework; sourceTree = BUILT_PRODUCTS_DIR; };
		C4F9B142A547945591387290 /* Pods-Windy.debug.xcconfig */ = {isa = PBXFileReference; includeInIndex = 1; lastKnownFileType = text.xcconfig; name = "Pods-Windy.debug.xcconfig"; path = "Target Support Files/Pods-Windy/Pods-Windy.debug.xcconfig"; sourceTree = "<group>"; };
/* End PBXFileReference section */

/* Begin PBXFrameworksBuildPhase section */
		1351278D25B2D26700E4DD0E /* Frameworks */ = {
			isa = PBXFrameworksBuildPhase;
			buildActionMask = 2147483647;
			files = (
				E5D9BD84BC2C116376751C43 /* Pods_Windy.framework in Frameworks */,
			);
			runOnlyForDeploymentPostprocessing = 0;
		};
		135127A325B2D26800E4DD0E /* Frameworks */ = {
			isa = PBXFrameworksBuildPhase;
			buildActionMask = 2147483647;
			files = (
				EC18777B4B683E135765A31E /* Pods_WindyTests.framework in Frameworks */,
			);
			runOnlyForDeploymentPostprocessing = 0;
		};
		135127AE25B2D26800E4DD0E /* Frameworks */ = {
			isa = PBXFrameworksBuildPhase;
			buildActionMask = 2147483647;
			files = (
				B40CD0810A22CDC2663335BB /* Pods_Windy_WindyUITests.framework in Frameworks */,
			);
			runOnlyForDeploymentPostprocessing = 0;
		};
/* End PBXFrameworksBuildPhase section */

/* Begin PBXGroup section */
		1351278725B2D26700E4DD0E = {
			isa = PBXGroup;
			children = (
				1351279225B2D26700E4DD0E /* Windy */,
				135127A925B2D26800E4DD0E /* WindyTests */,
				135127B425B2D26800E4DD0E /* WindyUITests */,
				1351279125B2D26700E4DD0E /* Products */,
				43AB1A112A6ACEEEDA25B3FC /* Pods */,
				6C629E1437205A41D0727DA5 /* Frameworks */,
			);
			sourceTree = "<group>";
		};
		1351279125B2D26700E4DD0E /* Products */ = {
			isa = PBXGroup;
			children = (
				1351279025B2D26700E4DD0E /* Windy.app */,
				135127A625B2D26800E4DD0E /* WindyTests.xctest */,
				135127B125B2D26800E4DD0E /* WindyUITests.xctest */,
			);
			name = Products;
			sourceTree = "<group>";
		};
		1351279225B2D26700E4DD0E /* Windy */ = {
			isa = PBXGroup;
			children = (
				1351279325B2D26700E4DD0E /* AppDelegate.swift */,
				1351279525B2D26700E4DD0E /* SceneDelegate.swift */,
				1351279725B2D26700E4DD0E /* ViewController.swift */,
				1351279925B2D26700E4DD0E /* Main.storyboard */,
				1351279C25B2D26700E4DD0E /* Assets.xcassets */,
				1351279E25B2D26700E4DD0E /* LaunchScreen.storyboard */,
				135127A125B2D26800E4DD0E /* Info.plist */,
			);
			path = Windy;
			sourceTree = "<group>";
		};
		135127A925B2D26800E4DD0E /* WindyTests */ = {
			isa = PBXGroup;
			children = (
				135127AA25B2D26800E4DD0E /* WindyTests.swift */,
				135127AC25B2D26800E4DD0E /* Info.plist */,
			);
			path = WindyTests;
			sourceTree = "<group>";
		};
		135127B425B2D26800E4DD0E /* WindyUITests */ = {
			isa = PBXGroup;
			children = (
				135127B525B2D26800E4DD0E /* WindyUITests.swift */,
				135127B725B2D26800E4DD0E /* Info.plist */,
			);
			path = WindyUITests;
			sourceTree = "<group>";
		};
		43AB1A112A6ACEEEDA25B3FC /* Pods */ = {
			isa = PBXGroup;
			children = (
				C4F9B142A547945591387290 /* Pods-Windy.debug.xcconfig */,
				46A2155E9965E240626BDB7B /* Pods-Windy.release.xcconfig */,
				1CCB387BBC507977C37AB344 /* Pods-Windy-WindyUITests.debug.xcconfig */,
				1AE377240AF5639A61A9A086 /* Pods-Windy-WindyUITests.release.xcconfig */,
				99D2AD8256283DC0313B868D /* Pods-WindyTests.debug.xcconfig */,
				0EA3B6E9EF92340C11234A7E /* Pods-WindyTests.release.xcconfig */,
			);
			name = Pods;
			path = Pods;
			sourceTree = "<group>";
		};
		6C629E1437205A41D0727DA5 /* Frameworks */ = {
			isa = PBXGroup;
			children = (
				5FCC62EFC0831B90BD02FDEE /* Pods_Windy.framework */,
				723E7CE6FCCC513E61179661 /* Pods_Windy_WindyUITests.framework */,
				B0C4907A39591BBF49401C4E /* Pods_WindyTests.framework */,
			);
			name = Frameworks;
			sourceTree = "<group>";
		};
/* End PBXGroup section */

/* Begin PBXNativeTarget section */
		1351278F25B2D26700E4DD0E /* Windy */ = {
			isa = PBXNativeTarget;
			buildConfigurationList = 135127BA25B2D26800E4DD0E /* Build configuration list for PBXNativeTarget "Windy" */;
			buildPhases = (
				5E5EFD633A42EC6C426F68F9 /* [CP] Check Pods Manifest.lock */,
				1351278C25B2D26700E4DD0E /* Sources */,
				1351278D25B2D26700E4DD0E /* Frameworks */,
				1351278E25B2D26700E4DD0E /* Resources */,
			);
			buildRules = (
			);
			dependencies = (
			);
			name = Windy;
			productName = Windy;
			productReference = 1351279025B2D26700E4DD0E /* Windy.app */;
			productType = "com.apple.product-type.application";
		};
		135127A525B2D26800E4DD0E /* WindyTests */ = {
			isa = PBXNativeTarget;
			buildConfigurationList = 135127BD25B2D26800E4DD0E /* Build configuration list for PBXNativeTarget "WindyTests" */;
			buildPhases = (
				41DFDDA180C8ED0C229D8949 /* [CP] Check Pods Manifest.lock */,
				135127A225B2D26800E4DD0E /* Sources */,
				135127A325B2D26800E4DD0E /* Frameworks */,
				135127A425B2D26800E4DD0E /* Resources */,
			);
			buildRules = (
			);
			dependencies = (
				135127A825B2D26800E4DD0E /* PBXTargetDependency */,
			);
			name = WindyTests;
			productName = WindyTests;
			productReference = 135127A625B2D26800E4DD0E /* WindyTests.xctest */;
			productType = "com.apple.product-type.bundle.unit-test";
		};
		135127B025B2D26800E4DD0E /* WindyUITests */ = {
			isa = PBXNativeTarget;
			buildConfigurationList = 135127C025B2D26800E4DD0E /* Build configuration list for PBXNativeTarget "WindyUITests" */;
			buildPhases = (
				EFFA8DE0D23D9C64F3921771 /* [CP] Check Pods Manifest.lock */,
				135127AD25B2D26800E4DD0E /* Sources */,
				135127AE25B2D26800E4DD0E /* Frameworks */,
				135127AF25B2D26800E4DD0E /* Resources */,
			);
			buildRules = (
			);
			dependencies = (
				135127B325B2D26800E4DD0E /* PBXTargetDependency */,
			);
			name = WindyUITests;
			productName = WindyUITests;
			productReference = 135127B125B2D26800E4DD0E /* WindyUITests.xctest */;
			productType = "com.apple.product-type.bundle.ui-testing";
		};
/* End PBXNativeTarget section */

/* Begin PBXProject section */
		1351278825B2D26700E4DD0E /* Project object */ = {
			isa = PBXProject;
			attributes = {
				LastSwiftUpdateCheck = 1230;
				LastUpgradeCheck = 1230;
				TargetAttributes = {
					1351278F25B2D26700E4DD0E = {
						CreatedOnToolsVersion = 12.3;
					};
					135127A525B2D26800E4DD0E = {
						CreatedOnToolsVersion = 12.3;
						TestTargetID = 1351278F25B2D26700E4DD0E;
					};
					135127B025B2D26800E4DD0E = {
						CreatedOnToolsVersion = 12.3;
						TestTargetID = 1351278F25B2D26700E4DD0E;
					};
				};
			};
			buildConfigurationList = 1351278B25B2D26700E4DD0E /* Build configuration list for PBXProject "Windy" */;
			compatibilityVersion = "Xcode 9.3";
			developmentRegion = en;
			hasScannedForEncodings = 0;
			knownRegions = (
				en,
				Base,
			);
			mainGroup = 1351278725B2D26700E4DD0E;
			productRefGroup = 1351279125B2D26700E4DD0E /* Products */;
			projectDirPath = "";
			projectRoot = "";
			targets = (
				1351278F25B2D26700E4DD0E /* Windy */,
				135127A525B2D26800E4DD0E /* WindyTests */,
				135127B025B2D26800E4DD0E /* WindyUITests */,
			);
		};
/* End PBXProject section */

/* Begin PBXResourcesBuildPhase section */
		1351278E25B2D26700E4DD0E /* Resources */ = {
			isa = PBXResourcesBuildPhase;
			buildActionMask = 2147483647;
			files = (
				135127A025B2D26700E4DD0E /* LaunchScreen.storyboard in Resources */,
				1351279D25B2D26700E4DD0E /* Assets.xcassets in Resources */,
				1351279B25B2D26700E4DD0E /* Main.storyboard in Resources */,
			);
			runOnlyForDeploymentPostprocessing = 0;
		};
		135127A425B2D26800E4DD0E /* Resources */ = {
			isa = PBXResourcesBuildPhase;
			buildActionMask = 2147483647;
			files = (
			);
			runOnlyForDeploymentPostprocessing = 0;
		};
		135127AF25B2D26800E4DD0E /* Resources */ = {
			isa = PBXResourcesBuildPhase;
			buildActionMask = 2147483647;
			files = (
			);
			runOnlyForDeploymentPostprocessing = 0;
		};
/* End PBXResourcesBuildPhase section */

/* Begin PBXShellScriptBuildPhase section */
		41DFDDA180C8ED0C229D8949 /* [CP] Check Pods Manifest.lock */ = {
			isa = PBXShellScriptBuildPhase;
			buildActionMask = 2147483647;
			files = (
			);
			inputFileListPaths = (
			);
			inputPaths = (
				"${PODS_PODFILE_DIR_PATH}/Podfile.lock",
				"${PODS_ROOT}/Manifest.lock",
			);
			name = "[CP] Check Pods Manifest.lock";
			outputFileListPaths = (
			);
			outputPaths = (
				"$(DERIVED_FILE_DIR)/Pods-WindyTests-checkManifestLockResult.txt",
			);
			runOnlyForDeploymentPostprocessing = 0;
			shellPath = /bin/sh;
			shellScript = "diff \"${PODS_PODFILE_DIR_PATH}/Podfile.lock\" \"${PODS_ROOT}/Manifest.lock\" > /dev/null\nif [ $? != 0 ] ; then\n    # print error to STDERR\n    echo \"error: The sandbox is not in sync with the Podfile.lock. Run 'pod install' or update your CocoaPods installation.\" >&2\n    exit 1\nfi\n# This output is used by Xcode 'outputs' to avoid re-running this script phase.\necho \"SUCCESS\" > \"${SCRIPT_OUTPUT_FILE_0}\"\n";
			showEnvVarsInLog = 0;
		};
		5E5EFD633A42EC6C426F68F9 /* [CP] Check Pods Manifest.lock */ = {
			isa = PBXShellScriptBuildPhase;
			buildActionMask = 2147483647;
			files = (
			);
			inputFileListPaths = (
			);
			inputPaths = (
				"${PODS_PODFILE_DIR_PATH}/Podfile.lock",
				"${PODS_ROOT}/Manifest.lock",
			);
			name = "[CP] Check Pods Manifest.lock";
			outputFileListPaths = (
			);
			outputPaths = (
				"$(DERIVED_FILE_DIR)/Pods-Windy-checkManifestLockResult.txt",
			);
			runOnlyForDeploymentPostprocessing = 0;
			shellPath = /bin/sh;
			shellScript = "diff \"${PODS_PODFILE_DIR_PATH}/Podfile.lock\" \"${PODS_ROOT}/Manifest.lock\" > /dev/null\nif [ $? != 0 ] ; then\n    # print error to STDERR\n    echo \"error: The sandbox is not in sync with the Podfile.lock. Run 'pod install' or update your CocoaPods installation.\" >&2\n    exit 1\nfi\n# This output is used by Xcode 'outputs' to avoid re-running this script phase.\necho \"SUCCESS\" > \"${SCRIPT_OUTPUT_FILE_0}\"\n";
			showEnvVarsInLog = 0;
		};
		EFFA8DE0D23D9C64F3921771 /* [CP] Check Pods Manifest.lock */ = {
			isa = PBXShellScriptBuildPhase;
			buildActionMask = 2147483647;
			files = (
			);
			inputFileListPaths = (
			);
			inputPaths = (
				"${PODS_PODFILE_DIR_PATH}/Podfile.lock",
				"${PODS_ROOT}/Manifest.lock",
			);
			name = "[CP] Check Pods Manifest.lock";
			outputFileListPaths = (
			);
			outputPaths = (
				"$(DERIVED_FILE_DIR)/Pods-Windy-WindyUITests-checkManifestLockResult.txt",
			);
			runOnlyForDeploymentPostprocessing = 0;
			shellPath = /bin/sh;
			shellScript = "diff \"${PODS_PODFILE_DIR_PATH}/Podfile.lock\" \"${PODS_ROOT}/Manifest.lock\" > /dev/null\nif [ $? != 0 ] ; then\n    # print error to STDERR\n    echo \"error: The sandbox is not in sync with the Podfile.lock. Run 'pod install' or update your CocoaPods installation.\" >&2\n    exit 1\nfi\n# This output is used by Xcode 'outputs' to avoid re-running this script phase.\necho \"SUCCESS\" > \"${SCRIPT_OUTPUT_FILE_0}\"\n";
			showEnvVarsInLog = 0;
		};
/* End PBXShellScriptBuildPhase section */

/* Begin PBXSourcesBuildPhase section */
		1351278C25B2D26700E4DD0E /* Sources */ = {
			isa = PBXSourcesBuildPhase;
			buildActionMask = 2147483647;
			files = (
				1351279825B2D26700E4DD0E /* ViewController.swift in Sources */,
				1351279425B2D26700E4DD0E /* AppDelegate.swift in Sources */,
				1351279625B2D26700E4DD0E /* SceneDelegate.swift in Sources */,
			);
			runOnlyForDeploymentPostprocessing = 0;
		};
		135127A225B2D26800E4DD0E /* Sources */ = {
			isa = PBXSourcesBuildPhase;
			buildActionMask = 2147483647;
			files = (
				135127AB25B2D26800E4DD0E /* WindyTests.swift in Sources */,
			);
			runOnlyForDeploymentPostprocessing = 0;
		};
		135127AD25B2D26800E4DD0E /* Sources */ = {
			isa = PBXSourcesBuildPhase;
			buildActionMask = 2147483647;
			files = (
				135127B625B2D26800E4DD0E /* WindyUITests.swift in Sources */,
			);
			runOnlyForDeploymentPostprocessing = 0;
		};
/* End PBXSourcesBuildPhase section */

/* Begin PBXTargetDependency section */
		135127A825B2D26800E4DD0E /* PBXTargetDependency */ = {
			isa = PBXTargetDependency;
			target = 1351278F25B2D26700E4DD0E /* Windy */;
			targetProxy = 135127A725B2D26800E4DD0E /* PBXContainerItemProxy */;
		};
		135127B325B2D26800E4DD0E /* PBXTargetDependency */ = {
			isa = PBXTargetDependency;
			target = 1351278F25B2D26700E4DD0E /* Windy */;
			targetProxy = 135127B225B2D26800E4DD0E /* PBXContainerItemProxy */;
		};
/* End PBXTargetDependency section */

/* Begin PBXVariantGroup section */
		1351279925B2D26700E4DD0E /* Main.storyboard */ = {
			isa = PBXVariantGroup;
			children = (
				1351279A25B2D26700E4DD0E /* Base */,
			);
			name = Main.storyboard;
			sourceTree = "<group>";
		};
		1351279E25B2D26700E4DD0E /* LaunchScreen.storyboard */ = {
			isa = PBXVariantGroup;
			children = (
				1351279F25B2D26700E4DD0E /* Base */,
			);
			name = LaunchScreen.storyboard;
			sourceTree = "<group>";
		};
/* End PBXVariantGroup section */

/* Begin XCBuildConfiguration section */
		135127B825B2D26800E4DD0E /* Debug */ = {
			isa = XCBuildConfiguration;
			buildSettings = {
				ALWAYS_SEARCH_USER_PATHS = NO;
				CLANG_ANALYZER_NONNULL = YES;
				CLANG_ANALYZER_NUMBER_OBJECT_CONVERSION = YES_AGGRESSIVE;
				CLANG_CXX_LANGUAGE_STANDARD = "gnu++14";
				CLANG_CXX_LIBRARY = "libc++";
				CLANG_ENABLE_MODULES = YES;
				CLANG_ENABLE_OBJC_ARC = YES;
				CLANG_ENABLE_OBJC_WEAK = YES;
				CLANG_WARN_BLOCK_CAPTURE_AUTORELEASING = YES;
				CLANG_WARN_BOOL_CONVERSION = YES;
				CLANG_WARN_COMMA = YES;
				CLANG_WARN_CONSTANT_CONVERSION = YES;
				CLANG_WARN_DEPRECATED_OBJC_IMPLEMENTATIONS = YES;
				CLANG_WARN_DIRECT_OBJC_ISA_USAGE = YES_ERROR;
				CLANG_WARN_DOCUMENTATION_COMMENTS = YES;
				CLANG_WARN_EMPTY_BODY = YES;
				CLANG_WARN_ENUM_CONVERSION = YES;
				CLANG_WARN_INFINITE_RECURSION = YES;
				CLANG_WARN_INT_CONVERSION = YES;
				CLANG_WARN_NON_LITERAL_NULL_CONVERSION = YES;
				CLANG_WARN_OBJC_IMPLICIT_RETAIN_SELF = YES;
				CLANG_WARN_OBJC_LITERAL_CONVERSION = YES;
				CLANG_WARN_OBJC_ROOT_CLASS = YES_ERROR;
				CLANG_WARN_QUOTED_INCLUDE_IN_FRAMEWORK_HEADER = YES;
				CLANG_WARN_RANGE_LOOP_ANALYSIS = YES;
				CLANG_WARN_STRICT_PROTOTYPES = YES;
				CLANG_WARN_SUSPICIOUS_MOVE = YES;
				CLANG_WARN_UNGUARDED_AVAILABILITY = YES_AGGRESSIVE;
				CLANG_WARN_UNREACHABLE_CODE = YES;
				CLANG_WARN__DUPLICATE_METHOD_MATCH = YES;
				COPY_PHASE_STRIP = NO;
				DEBUG_INFORMATION_FORMAT = dwarf;
				ENABLE_STRICT_OBJC_MSGSEND = YES;
				ENABLE_TESTABILITY = YES;
				GCC_C_LANGUAGE_STANDARD = gnu11;
				GCC_DYNAMIC_NO_PIC = NO;
				GCC_NO_COMMON_BLOCKS = YES;
				GCC_OPTIMIZATION_LEVEL = 0;
				GCC_PREPROCESSOR_DEFINITIONS = (
					"DEBUG=1",
					"$(inherited)",
				);
				GCC_WARN_64_TO_32_BIT_CONVERSION = YES;
				GCC_WARN_ABOUT_RETURN_TYPE = YES_ERROR;
				GCC_WARN_UNDECLARED_SELECTOR = YES;
				GCC_WARN_UNINITIALIZED_AUTOS = YES_AGGRESSIVE;
				GCC_WARN_UNUSED_FUNCTION = YES;
				GCC_WARN_UNUSED_VARIABLE = YES;
				IPHONEOS_DEPLOYMENT_TARGET = 14.3;
				MTL_ENABLE_DEBUG_INFO = INCLUDE_SOURCE;
				MTL_FAST_MATH = YES;
				ONLY_ACTIVE_ARCH = YES;
				SDKROOT = iphoneos;
				SWIFT_ACTIVE_COMPILATION_CONDITIONS = DEBUG;
				SWIFT_OPTIMIZATION_LEVEL = "-Onone";
			};
			name = Debug;
		};
		135127B925B2D26800E4DD0E /* Release */ = {
			isa = XCBuildConfiguration;
			buildSettings = {
				ALWAYS_SEARCH_USER_PATHS = NO;
				CLANG_ANALYZER_NONNULL = YES;
				CLANG_ANALYZER_NUMBER_OBJECT_CONVERSION = YES_AGGRESSIVE;
				CLANG_CXX_LANGUAGE_STANDARD = "gnu++14";
				CLANG_CXX_LIBRARY = "libc++";
				CLANG_ENABLE_MODULES = YES;
				CLANG_ENABLE_OBJC_ARC = YES;
				CLANG_ENABLE_OBJC_WEAK = YES;
				CLANG_WARN_BLOCK_CAPTURE_AUTORELEASING = YES;
				CLANG_WARN_BOOL_CONVERSION = YES;
				CLANG_WARN_COMMA = YES;
				CLANG_WARN_CONSTANT_CONVERSION = YES;
				CLANG_WARN_DEPRECATED_OBJC_IMPLEMENTATIONS = YES;
				CLANG_WARN_DIRECT_OBJC_ISA_USAGE = YES_ERROR;
				CLANG_WARN_DOCUMENTATION_COMMENTS = YES;
				CLANG_WARN_EMPTY_BODY = YES;
				CLANG_WARN_ENUM_CONVERSION = YES;
				CLANG_WARN_INFINITE_RECURSION = YES;
				CLANG_WARN_INT_CONVERSION = YES;
				CLANG_WARN_NON_LITERAL_NULL_CONVERSION = YES;
				CLANG_WARN_OBJC_IMPLICIT_RETAIN_SELF = YES;
				CLANG_WARN_OBJC_LITERAL_CONVERSION = YES;
				CLANG_WARN_OBJC_ROOT_CLASS = YES_ERROR;
				CLANG_WARN_QUOTED_INCLUDE_IN_FRAMEWORK_HEADER = YES;
				CLANG_WARN_RANGE_LOOP_ANALYSIS = YES;
				CLANG_WARN_STRICT_PROTOTYPES = YES;
				CLANG_WARN_SUSPICIOUS_MOVE = YES;
				CLANG_WARN_UNGUARDED_AVAILABILITY = YES_AGGRESSIVE;
				CLANG_WARN_UNREACHABLE_CODE = YES;
				CLANG_WARN__DUPLICATE_METHOD_MATCH = YES;
				COPY_PHASE_STRIP = NO;
				DEBUG_INFORMATION_FORMAT = "dwarf-with-dsym";
				ENABLE_NS_ASSERTIONS = NO;
				ENABLE_STRICT_OBJC_MSGSEND = YES;
				GCC_C_LANGUAGE_STANDARD = gnu11;
				GCC_NO_COMMON_BLOCKS = YES;
				GCC_WARN_64_TO_32_BIT_CONVERSION = YES;
				GCC_WARN_ABOUT_RETURN_TYPE = YES_ERROR;
				GCC_WARN_UNDECLARED_SELECTOR = YES;
				GCC_WARN_UNINITIALIZED_AUTOS = YES_AGGRESSIVE;
				GCC_WARN_UNUSED_FUNCTION = YES;
				GCC_WARN_UNUSED_VARIABLE = YES;
				IPHONEOS_DEPLOYMENT_TARGET = 14.3;
				MTL_ENABLE_DEBUG_INFO = NO;
				MTL_FAST_MATH = YES;
				SDKROOT = iphoneos;
				SWIFT_COMPILATION_MODE = wholemodule;
				SWIFT_OPTIMIZATION_LEVEL = "-O";
				VALIDATE_PRODUCT = YES;
			};
			name = Release;
		};
		135127BB25B2D26800E4DD0E /* Debug */ = {
			isa = XCBuildConfiguration;
			baseConfigurationReference = C4F9B142A547945591387290 /* Pods-Windy.debug.xcconfig */;
			buildSettings = {
				ASSETCATALOG_COMPILER_APPICON_NAME = AppIcon;
				ASSETCATALOG_COMPILER_GLOBAL_ACCENT_COLOR_NAME = AccentColor;
				CODE_SIGN_STYLE = Automatic;
				INFOPLIST_FILE = Windy/Info.plist;
				LD_RUNPATH_SEARCH_PATHS = (
					"$(inherited)",
					"@executable_path/Frameworks",
				);
				PRODUCT_BUNDLE_IDENTIFIER = aitbelarbi.Windy;
				PRODUCT_NAME = "$(TARGET_NAME)";
				SWIFT_VERSION = 5.0;
				TARGETED_DEVICE_FAMILY = "1,2";
			};
			name = Debug;
		};
		135127BC25B2D26800E4DD0E /* Release */ = {
			isa = XCBuildConfiguration;
			baseConfigurationReference = 46A2155E9965E240626BDB7B /* Pods-Windy.release.xcconfig */;
			buildSettings = {
				ASSETCATALOG_COMPILER_APPICON_NAME = AppIcon;
				ASSETCATALOG_COMPILER_GLOBAL_ACCENT_COLOR_NAME = AccentColor;
				CODE_SIGN_STYLE = Automatic;
				INFOPLIST_FILE = Windy/Info.plist;
				LD_RUNPATH_SEARCH_PATHS = (
					"$(inherited)",
					"@executable_path/Frameworks",
				);
				PRODUCT_BUNDLE_IDENTIFIER = aitbelarbi.Windy;
				PRODUCT_NAME = "$(TARGET_NAME)";
				SWIFT_VERSION = 5.0;
				TARGETED_DEVICE_FAMILY = "1,2";
			};
			name = Release;
		};
		135127BE25B2D26800E4DD0E /* Debug */ = {
			isa = XCBuildConfiguration;
			baseConfigurationReference = 99D2AD8256283DC0313B868D /* Pods-WindyTests.debug.xcconfig */;
			buildSettings = {
				ALWAYS_EMBED_SWIFT_STANDARD_LIBRARIES = YES;
				BUNDLE_LOADER = "$(TEST_HOST)";
				CODE_SIGN_STYLE = Automatic;
				INFOPLIST_FILE = WindyTests/Info.plist;
				IPHONEOS_DEPLOYMENT_TARGET = 14.3;
				LD_RUNPATH_SEARCH_PATHS = (
					"$(inherited)",
					"@executable_path/Frameworks",
					"@loader_path/Frameworks",
				);
				PRODUCT_BUNDLE_IDENTIFIER = aitbelarbi.WindyTests;
				PRODUCT_NAME = "$(TARGET_NAME)";
				SWIFT_VERSION = 5.0;
				TARGETED_DEVICE_FAMILY = "1,2";
				TEST_HOST = "$(BUILT_PRODUCTS_DIR)/Windy.app/Windy";
			};
			name = Debug;
		};
		135127BF25B2D26800E4DD0E /* Release */ = {
			isa = XCBuildConfiguration;
			baseConfigurationReference = 0EA3B6E9EF92340C11234A7E /* Pods-WindyTests.release.xcconfig */;
			buildSettings = {
				ALWAYS_EMBED_SWIFT_STANDARD_LIBRARIES = YES;
				BUNDLE_LOADER = "$(TEST_HOST)";
				CODE_SIGN_STYLE = Automatic;
				INFOPLIST_FILE = WindyTests/Info.plist;
				IPHONEOS_DEPLOYMENT_TARGET = 14.3;
				LD_RUNPATH_SEARCH_PATHS = (
					"$(inherited)",
					"@executable_path/Frameworks",
					"@loader_path/Frameworks",
				);
				PRODUCT_BUNDLE_IDENTIFIER = aitbelarbi.WindyTests;
				PRODUCT_NAME = "$(TARGET_NAME)";
				SWIFT_VERSION = 5.0;
				TARGETED_DEVICE_FAMILY = "1,2";
				TEST_HOST = "$(BUILT_PRODUCTS_DIR)/Windy.app/Windy";
			};
			name = Release;
		};
		135127C125B2D26800E4DD0E /* Debug */ = {
			isa = XCBuildConfiguration;
			baseConfigurationReference = 1CCB387BBC507977C37AB344 /* Pods-Windy-WindyUITests.debug.xcconfig */;
			buildSettings = {
				ALWAYS_EMBED_SWIFT_STANDARD_LIBRARIES = YES;
				CODE_SIGN_STYLE = Automatic;
				INFOPLIST_FILE = WindyUITests/Info.plist;
				LD_RUNPATH_SEARCH_PATHS = (
					"$(inherited)",
					"@executable_path/Frameworks",
					"@loader_path/Frameworks",
				);
				PRODUCT_BUNDLE_IDENTIFIER = aitbelarbi.WindyUITests;
				PRODUCT_NAME = "$(TARGET_NAME)";
				SWIFT_VERSION = 5.0;
				TARGETED_DEVICE_FAMILY = "1,2";
				TEST_TARGET_NAME = Windy;
			};
			name = Debug;
		};
		135127C225B2D26800E4DD0E /* Release */ = {
			isa = XCBuildConfiguration;
			baseConfigurationReference = 1AE377240AF5639A61A9A086 /* Pods-Windy-WindyUITests.release.xcconfig */;
			buildSettings = {
				ALWAYS_EMBED_SWIFT_STANDARD_LIBRARIES = YES;
				CODE_SIGN_STYLE = Automatic;
				INFOPLIST_FILE = WindyUITests/Info.plist;
				LD_RUNPATH_SEARCH_PATHS = (
					"$(inherited)",
					"@executable_path/Frameworks",
					"@loader_path/Frameworks",
				);
				PRODUCT_BUNDLE_IDENTIFIER = aitbelarbi.WindyUITests;
				PRODUCT_NAME = "$(TARGET_NAME)";
				SWIFT_VERSION = 5.0;
				TARGETED_DEVICE_FAMILY = "1,2";
				TEST_TARGET_NAME = Windy;
			};
			name = Release;
		};
/* End XCBuildConfiguration section */

/* Begin XCConfigurationList section */
		1351278B25B2D26700E4DD0E /* Build configuration list for PBXProject "Windy" */ = {
			isa = XCConfigurationList;
			buildConfigurations = (
				135127B825B2D26800E4DD0E /* Debug */,
				135127B925B2D26800E4DD0E /* Release */,
			);
			defaultConfigurationIsVisible = 0;
			defaultConfigurationName = Release;
		};
		135127BA25B2D26800E4DD0E /* Build configuration list for PBXNativeTarget "Windy" */ = {
			isa = XCConfigurationList;
			buildConfigurations = (
				135127BB25B2D26800E4DD0E /* Debug */,
				135127BC25B2D26800E4DD0E /* Release */,
			);
			defaultConfigurationIsVisible = 0;
			defaultConfigurationName = Release;
		};
		135127BD25B2D26800E4DD0E /* Build configuration list for PBXNativeTarget "WindyTests" */ = {
			isa = XCConfigurationList;
			buildConfigurations = (
				135127BE25B2D26800E4DD0E /* Debug */,
				135127BF25B2D26800E4DD0E /* Release */,
			);
			defaultConfigurationIsVisible = 0;
			defaultConfigurationName = Release;
		};
		135127C025B2D26800E4DD0E /* Build configuration list for PBXNativeTarget "WindyUITests" */ = {
			isa = XCConfigurationList;
			buildConfigurations = (
				135127C125B2D26800E4DD0E /* Debug */,
				135127C225B2D26800E4DD0E /* Release */,
			);
			defaultConfigurationIsVisible = 0;
			defaultConfigurationName = Release;
		};
/* End XCConfigurationList section */
	};
	rootObject = 1351278825B2D26700E4DD0E /* Project object */;
}
